
Microsoft Visual Studio Solution File, Format Version 12.00
Project("{FAE04EC0-301F-11D3-BF4B-00C04F79EFBC}") = "ConsoleApp", "ConsoleApp\ConsoleApp.csproj", "{513B7522-0C31-4F58-A1AA-E6E7C9D92906}"
EndProject
Project("{FAE04EC0-301F-11D3-BF4B-00C04F79EFBC}") = "LibHexImage", "LibHexImage\LibHexImage.csproj", "{EBE64D77-442D-453D-A5ED-E1E08ACACC23}"
EndProject
Project("{FAE04EC0-301F-11D3-BF4B-00C04F79EFBC}") = "HexImage", "HexImage\HexImage.csproj", "{E8C65559-8E41-4BFD-9070-416C21173F3B}"
EndProject
Global
	GlobalSection(SolutionConfigurationPlatforms) = preSolution
		Debug|Any CPU = Debug|Any CPU
		Release|Any CPU = Release|Any CPU
	EndGlobalSection
	GlobalSection(ProjectConfigurationPlatforms) = postSolution
		{513B7522-0C31-4F58-A1AA-E6E7C9D92906}.Debug|Any CPU.ActiveCfg = Debug|Any CPU
		{513B7522-0C31-4F58-A1AA-E6E7C9D92906}.Debug|Any CPU.Build.0 = Debug|Any CPU
		{513B7522-0C31-4F58-A1AA-E6E7C9D92906}.Release|Any CPU.ActiveCfg = Release|Any CPU
		{513B7522-0C31-4F58-A1AA-E6E7C9D92906}.Release|Any CPU.Build.0 = Release|Any CPU
		{EBE64D77-442D-453D-A5ED-E1E08ACACC23}.Debug|Any CPU.ActiveCfg = Debug|Any CPU
		{EBE64D77-442D-453D-A5ED-E1E08ACACC23}.Debug|Any CPU.Build.0 = Debug|Any CPU
		{EBE64D77-442D-453D-A5ED-E1E08ACACC23}.Release|Any CPU.ActiveCfg = Release|Any CPU
		{EBE64D77-442D-453D-A5ED-E1E08ACACC23}.Release|Any CPU.Build.0 = Release|Any CPU
		{E8C65559-8E41-4BFD-9070-416C21173F3B}.Debug|Any CPU.ActiveCfg = Debug|Any CPU
		{E8C65559-8E41-4BFD-9070-416C21173F3B}.Debug|Any CPU.Build.0 = Debug|Any CPU
		{E8C65559-8E41-4BFD-9070-416C21173F3B}.Release|Any CPU.ActiveCfg = Release|Any CPU
		{E8C65559-8E41-4BFD-9070-416C21173F3B}.Release|Any CPU.Build.0 = Release|Any CPU
	EndGlobalSection
EndGlobal
